// !$*UTF8*$!
{
	archiveVersion = 1;
	classes = {
	};
	objectVersion = 46;
	objects = {

/* Begin PBXBuildFile section */
		25CEC3B830409A01CAA87E84 /* Pods_Items_Widget.framework in Frameworks */ = {isa = PBXBuildFile; fileRef = BEAD0A1B955348AAC04D87E4 /* Pods_Items_Widget.framework */; };
		2855B58D62332127F49D51C5 /* Pods_Stocker.framework in Frameworks */ = {isa = PBXBuildFile; fileRef = D28224854C24DF9B432DA4C0 /* Pods_Stocker.framework */; };
		BB3569771EFC131200B083AB /* Stocker.xcdatamodeld in Sources */ = {isa = PBXBuildFile; fileRef = BB3569741EFBF2B300B083AB /* Stocker.xcdatamodeld */; };
		BB3569791EFC4F8800B083AB /* Settings.bundle in Resources */ = {isa = PBXBuildFile; fileRef = BB3569781EFC4F8800B083AB /* Settings.bundle */; };
		BB35697C1EFC543000B083AB /* UniversalSplitViewController.swift in Sources */ = {isa = PBXBuildFile; fileRef = BB35697B1EFC543000B083AB /* UniversalSplitViewController.swift */; };
		BB35697F1EFC589C00B083AB /* ShoppingListTableViewCell.swift in Sources */ = {isa = PBXBuildFile; fileRef = BB35697E1EFC589C00B083AB /* ShoppingListTableViewCell.swift */; };
		BB673F0E1EFADD6900333A90 /* StockTableViewCell.swift in Sources */ = {isa = PBXBuildFile; fileRef = BB673F0D1EFADD6900333A90 /* StockTableViewCell.swift */; };
		BB680DB11F01C88000B55F17 /* StockTableImageView.swift in Sources */ = {isa = PBXBuildFile; fileRef = BB680DB01F01C88000B55F17 /* StockTableImageView.swift */; };
		BB6E7F671F029E4C00C6ED51 /* DisguisedTextField.swift in Sources */ = {isa = PBXBuildFile; fileRef = BB6E7F661F029E4C00C6ED51 /* DisguisedTextField.swift */; };
		BB761B221EFD0A0600B9B832 /* NotificationCenter.framework in Frameworks */ = {isa = PBXBuildFile; fileRef = BB761B211EFD0A0600B9B832 /* NotificationCenter.framework */; };
		BB761B251EFD0A0600B9B832 /* TodayViewController.swift in Sources */ = {isa = PBXBuildFile; fileRef = BB761B241EFD0A0600B9B832 /* TodayViewController.swift */; };
		BB761B281EFD0A0600B9B832 /* MainInterface.storyboard in Resources */ = {isa = PBXBuildFile; fileRef = BB761B261EFD0A0600B9B832 /* MainInterface.storyboard */; };
		BB761B2C1EFD0A0600B9B832 /* Items Widget.appex in Embed App Extensions */ = {isa = PBXBuildFile; fileRef = BB761B1F1EFD0A0600B9B832 /* Items Widget.appex */; settings = {ATTRIBUTES = (RemoveHeadersOnCopy, ); }; };
		BB761B321EFD0E5A00B9B832 /* MeasurementUnitTableViewController.swift in Sources */ = {isa = PBXBuildFile; fileRef = BB761B311EFD0E5A00B9B832 /* MeasurementUnitTableViewController.swift */; };
		BB761B3D1EFD1D0C00B9B832 /* MeasurementUnitTableViewCell.swift in Sources */ = {isa = PBXBuildFile; fileRef = BB761B3C1EFD1D0C00B9B832 /* MeasurementUnitTableViewCell.swift */; };
		BBB8752C1EFADA6600E64BD7 /* AppDelegate.swift in Sources */ = {isa = PBXBuildFile; fileRef = BBB8752B1EFADA6600E64BD7 /* AppDelegate.swift */; };
		BBB875311EFADA6600E64BD7 /* Main.storyboard in Resources */ = {isa = PBXBuildFile; fileRef = BBB8752F1EFADA6600E64BD7 /* Main.storyboard */; };
		BBB875331EFADA6600E64BD7 /* Assets.xcassets in Resources */ = {isa = PBXBuildFile; fileRef = BBB875321EFADA6600E64BD7 /* Assets.xcassets */; };
		BBB875361EFADA6600E64BD7 /* LaunchScreen.storyboard in Resources */ = {isa = PBXBuildFile; fileRef = BBB875341EFADA6600E64BD7 /* LaunchScreen.storyboard */; };
		BBB8753E1EFADC1700E64BD7 /* StockTableViewController.swift in Sources */ = {isa = PBXBuildFile; fileRef = BBB8753D1EFADC1700E64BD7 /* StockTableViewController.swift */; };
		BBB875401EFADC5700E64BD7 /* StockDetailViewController.swift in Sources */ = {isa = PBXBuildFile; fileRef = BBB8753F1EFADC5700E64BD7 /* StockDetailViewController.swift */; };
		BBB875421EFADC7B00E64BD7 /* ShoppingListTableViewController.swift in Sources */ = {isa = PBXBuildFile; fileRef = BBB875411EFADC7B00E64BD7 /* ShoppingListTableViewController.swift */; };
		BBDB0ABB1EFE628700C2EAEA /* Localizable.strings in Resources */ = {isa = PBXBuildFile; fileRef = BBDB0ABD1EFE628700C2EAEA /* Localizable.strings */; };
/* End PBXBuildFile section */

/* Begin PBXContainerItemProxy section */
		BB761B2A1EFD0A0600B9B832 /* PBXContainerItemProxy */ = {
			isa = PBXContainerItemProxy;
			containerPortal = BBB875201EFADA6600E64BD7 /* Project object */;
			proxyType = 1;
			remoteGlobalIDString = BB761B1E1EFD0A0600B9B832;
			remoteInfo = "Items Widget";
		};
/* End PBXContainerItemProxy section */

/* Begin PBXCopyFilesBuildPhase section */
		BB761B301EFD0A0600B9B832 /* Embed App Extensions */ = {
			isa = PBXCopyFilesBuildPhase;
			buildActionMask = 2147483647;
			dstPath = "";
			dstSubfolderSpec = 13;
			files = (
				BB761B2C1EFD0A0600B9B832 /* Items Widget.appex in Embed App Extensions */,
			);
			name = "Embed App Extensions";
			runOnlyForDeploymentPostprocessing = 0;
		};
/* End PBXCopyFilesBuildPhase section */

/* Begin PBXFileReference section */
		49BE3E23795AED0054CF552E /* Pods-Stocker.debug.xcconfig */ = {isa = PBXFileReference; includeInIndex = 1; lastKnownFileType = text.xcconfig; name = "Pods-Stocker.debug.xcconfig"; path = "Pods/Target Support Files/Pods-Stocker/Pods-Stocker.debug.xcconfig"; sourceTree = "<group>"; };
		56DFFB6F310131E8A0B11BD2 /* Pods-Stocker.release.xcconfig */ = {isa = PBXFileReference; includeInIndex = 1; lastKnownFileType = text.xcconfig; name = "Pods-Stocker.release.xcconfig"; path = "Pods/Target Support Files/Pods-Stocker/Pods-Stocker.release.xcconfig"; sourceTree = "<group>"; };
		81C1DDC5F447E585B6BB8730 /* Pods-Items Widget.debug.xcconfig */ = {isa = PBXFileReference; includeInIndex = 1; lastKnownFileType = text.xcconfig; name = "Pods-Items Widget.debug.xcconfig"; path = "Pods/Target Support Files/Pods-Items Widget/Pods-Items Widget.debug.xcconfig"; sourceTree = "<group>"; };
		BB3569751EFBF2B300B083AB /* Stocker.xcdatamodel */ = {isa = PBXFileReference; lastKnownFileType = wrapper.xcdatamodel; path = Stocker.xcdatamodel; sourceTree = "<group>"; };
		BB3569781EFC4F8800B083AB /* Settings.bundle */ = {isa = PBXFileReference; lastKnownFileType = "wrapper.plug-in"; path = Settings.bundle; sourceTree = "<group>"; };
		BB35697B1EFC543000B083AB /* UniversalSplitViewController.swift */ = {isa = PBXFileReference; fileEncoding = 4; lastKnownFileType = sourcecode.swift; path = UniversalSplitViewController.swift; sourceTree = "<group>"; };
		BB35697E1EFC589C00B083AB /* ShoppingListTableViewCell.swift */ = {isa = PBXFileReference; fileEncoding = 4; lastKnownFileType = sourcecode.swift; path = ShoppingListTableViewCell.swift; sourceTree = "<group>"; };
		BB673F0D1EFADD6900333A90 /* StockTableViewCell.swift */ = {isa = PBXFileReference; fileEncoding = 4; lastKnownFileType = sourcecode.swift; path = StockTableViewCell.swift; sourceTree = "<group>"; };
		BB680DB01F01C88000B55F17 /* StockTableImageView.swift */ = {isa = PBXFileReference; fileEncoding = 4; lastKnownFileType = sourcecode.swift; path = StockTableImageView.swift; sourceTree = "<group>"; };
		BB6E7F661F029E4C00C6ED51 /* DisguisedTextField.swift */ = {isa = PBXFileReference; fileEncoding = 4; lastKnownFileType = sourcecode.swift; path = DisguisedTextField.swift; sourceTree = "<group>"; };
		BB761B1F1EFD0A0600B9B832 /* Items Widget.appex */ = {isa = PBXFileReference; explicitFileType = "wrapper.app-extension"; includeInIndex = 0; path = "Items Widget.appex"; sourceTree = BUILT_PRODUCTS_DIR; };
		BB761B211EFD0A0600B9B832 /* NotificationCenter.framework */ = {isa = PBXFileReference; lastKnownFileType = wrapper.framework; name = NotificationCenter.framework; path = System/Library/Frameworks/NotificationCenter.framework; sourceTree = SDKROOT; };
		BB761B241EFD0A0600B9B832 /* TodayViewController.swift */ = {isa = PBXFileReference; lastKnownFileType = sourcecode.swift; path = TodayViewController.swift; sourceTree = "<group>"; };
		BB761B271EFD0A0600B9B832 /* Base */ = {isa = PBXFileReference; lastKnownFileType = file.storyboard; name = Base; path = Base.lproj/MainInterface.storyboard; sourceTree = "<group>"; };
		BB761B291EFD0A0600B9B832 /* Info.plist */ = {isa = PBXFileReference; lastKnownFileType = text.plist.xml; path = Info.plist; sourceTree = "<group>"; };
		BB761B311EFD0E5A00B9B832 /* MeasurementUnitTableViewController.swift */ = {isa = PBXFileReference; fileEncoding = 4; lastKnownFileType = sourcecode.swift; path = MeasurementUnitTableViewController.swift; sourceTree = "<group>"; };
		BB761B361EFD154B00B9B832 /* Items Widget.entitlements */ = {isa = PBXFileReference; lastKnownFileType = text.plist.entitlements; path = "Items Widget.entitlements"; sourceTree = "<group>"; };
		BB761B391EFD15E600B9B832 /* Stocker.entitlements */ = {isa = PBXFileReference; lastKnownFileType = text.plist.entitlements; path = Stocker.entitlements; sourceTree = "<group>"; };
		BB761B3C1EFD1D0C00B9B832 /* MeasurementUnitTableViewCell.swift */ = {isa = PBXFileReference; fileEncoding = 4; lastKnownFileType = sourcecode.swift; path = MeasurementUnitTableViewCell.swift; sourceTree = "<group>"; };
		BBB875281EFADA6600E64BD7 /* Stocker.app */ = {isa = PBXFileReference; explicitFileType = wrapper.application; includeInIndex = 0; path = Stocker.app; sourceTree = BUILT_PRODUCTS_DIR; };
		BBB8752B1EFADA6600E64BD7 /* AppDelegate.swift */ = {isa = PBXFileReference; lastKnownFileType = sourcecode.swift; path = AppDelegate.swift; sourceTree = "<group>"; };
		BBB875301EFADA6600E64BD7 /* Base */ = {isa = PBXFileReference; lastKnownFileType = file.storyboard; name = Base; path = Base.lproj/Main.storyboard; sourceTree = "<group>"; };
		BBB875321EFADA6600E64BD7 /* Assets.xcassets */ = {isa = PBXFileReference; lastKnownFileType = folder.assetcatalog; path = Assets.xcassets; sourceTree = "<group>"; };
		BBB875351EFADA6600E64BD7 /* Base */ = {isa = PBXFileReference; lastKnownFileType = file.storyboard; name = Base; path = Base.lproj/LaunchScreen.storyboard; sourceTree = "<group>"; };
		BBB875371EFADA6600E64BD7 /* Info.plist */ = {isa = PBXFileReference; lastKnownFileType = text.plist.xml; path = Info.plist; sourceTree = "<group>"; };
		BBB8753D1EFADC1700E64BD7 /* StockTableViewController.swift */ = {isa = PBXFileReference; fileEncoding = 4; lastKnownFileType = sourcecode.swift; path = StockTableViewController.swift; sourceTree = "<group>"; };
		BBB8753F1EFADC5700E64BD7 /* StockDetailViewController.swift */ = {isa = PBXFileReference; fileEncoding = 4; lastKnownFileType = sourcecode.swift; path = StockDetailViewController.swift; sourceTree = "<group>"; };
		BBB875411EFADC7B00E64BD7 /* ShoppingListTableViewController.swift */ = {isa = PBXFileReference; fileEncoding = 4; lastKnownFileType = sourcecode.swift; path = ShoppingListTableViewController.swift; sourceTree = "<group>"; };
		BBB875431EFADCD900E64BD7 /* README.md */ = {isa = PBXFileReference; fileEncoding = 4; lastKnownFileType = net.daringfireball.markdown; path = README.md; sourceTree = "<group>"; };
		BBDB0AB61EFE618B00C2EAEA /* de */ = {isa = PBXFileReference; lastKnownFileType = text.plist.strings; name = de; path = de.lproj/Main.strings; sourceTree = "<group>"; };
		BBDB0AB71EFE618B00C2EAEA /* de */ = {isa = PBXFileReference; lastKnownFileType = text.plist.strings; name = de; path = de.lproj/LaunchScreen.strings; sourceTree = "<group>"; };
		BBDB0AB81EFE618B00C2EAEA /* de */ = {isa = PBXFileReference; lastKnownFileType = text.plist.strings; name = de; path = de.lproj/MainInterface.strings; sourceTree = "<group>"; };
		BBDB0ABC1EFE628700C2EAEA /* de */ = {isa = PBXFileReference; lastKnownFileType = text.plist.strings; name = de; path = de.lproj/Localizable.strings; sourceTree = "<group>"; };
		BBDB0ABE1EFE629500C2EAEA /* Base */ = {isa = PBXFileReference; lastKnownFileType = text.plist.strings; name = Base; path = Base.lproj/Localizable.strings; sourceTree = "<group>"; };
		BEAD0A1B955348AAC04D87E4 /* Pods_Items_Widget.framework */ = {isa = PBXFileReference; explicitFileType = wrapper.framework; includeInIndex = 0; path = Pods_Items_Widget.framework; sourceTree = BUILT_PRODUCTS_DIR; };
		D28224854C24DF9B432DA4C0 /* Pods_Stocker.framework */ = {isa = PBXFileReference; explicitFileType = wrapper.framework; includeInIndex = 0; path = Pods_Stocker.framework; sourceTree = BUILT_PRODUCTS_DIR; };
		F4DC5E993CCDD3C8907017A1 /* Pods-Items Widget.release.xcconfig */ = {isa = PBXFileReference; includeInIndex = 1; lastKnownFileType = text.xcconfig; name = "Pods-Items Widget.release.xcconfig"; path = "Pods/Target Support Files/Pods-Items Widget/Pods-Items Widget.release.xcconfig"; sourceTree = "<group>"; };
/* End PBXFileReference section */

/* Begin PBXFrameworksBuildPhase section */
		BB761B1C1EFD0A0600B9B832 /* Frameworks */ = {
			isa = PBXFrameworksBuildPhase;
			buildActionMask = 2147483647;
			files = (
				BB761B221EFD0A0600B9B832 /* NotificationCenter.framework in Frameworks */,
				25CEC3B830409A01CAA87E84 /* Pods_Items_Widget.framework in Frameworks */,
			);
			runOnlyForDeploymentPostprocessing = 0;
		};
		BBB875251EFADA6600E64BD7 /* Frameworks */ = {
			isa = PBXFrameworksBuildPhase;
			buildActionMask = 2147483647;
			files = (
				2855B58D62332127F49D51C5 /* Pods_Stocker.framework in Frameworks */,
			);
			runOnlyForDeploymentPostprocessing = 0;
		};
/* End PBXFrameworksBuildPhase section */

/* Begin PBXGroup section */
		BB35697A1EFC541500B083AB /* Utilities */ = {
			isa = PBXGroup;
			children = (
				BB6E7F661F029E4C00C6ED51 /* DisguisedTextField.swift */,
				BB35697B1EFC543000B083AB /* UniversalSplitViewController.swift */,
			);
			name = Utilities;
			sourceTree = "<group>";
		};
		BB35697D1EFC587500B083AB /* Shopping List */ = {
			isa = PBXGroup;
			children = (
				BBB875411EFADC7B00E64BD7 /* ShoppingListTableViewController.swift */,
				BB35697E1EFC589C00B083AB /* ShoppingListTableViewCell.swift */,
			);
			name = "Shopping List";
			sourceTree = "<group>";
		};
		BB3F3F411EFC97AA00913678 /* Stock and Item Detail */ = {
			isa = PBXGroup;
			children = (
				BBB8753F1EFADC5700E64BD7 /* StockDetailViewController.swift */,
			);
			name = "Stock and Item Detail";
			sourceTree = "<group>";
		};
		BB673F0F1EFADD6E00333A90 /* Stock Table */ = {
			isa = PBXGroup;
			children = (
				BBB8753D1EFADC1700E64BD7 /* StockTableViewController.swift */,
				BB673F0D1EFADD6900333A90 /* StockTableViewCell.swift */,
				BB680DB01F01C88000B55F17 /* StockTableImageView.swift */,
			);
			name = "Stock Table";
			sourceTree = "<group>";
		};
		BB6E46971EFE7702008539A4 /* Data Types */ = {
			isa = PBXGroup;
			children = (
			);
			name = "Data Types";
			sourceTree = "<group>";
		};
		BB761B201EFD0A0600B9B832 /* Frameworks */ = {
			isa = PBXGroup;
			children = (
				BB761B211EFD0A0600B9B832 /* NotificationCenter.framework */,
				BEAD0A1B955348AAC04D87E4 /* Pods_Items_Widget.framework */,
				D28224854C24DF9B432DA4C0 /* Pods_Stocker.framework */,
			);
			name = Frameworks;
			sourceTree = "<group>";
		};
		BB761B231EFD0A0600B9B832 /* Items Widget */ = {
			isa = PBXGroup;
			children = (
				BB761B361EFD154B00B9B832 /* Items Widget.entitlements */,
				BB761B241EFD0A0600B9B832 /* TodayViewController.swift */,
				BB761B261EFD0A0600B9B832 /* MainInterface.storyboard */,
				BB761B291EFD0A0600B9B832 /* Info.plist */,
			);
			path = "Items Widget";
			sourceTree = "<group>";
		};
		BB761B331EFD0E6000B9B832 /* Utility Views */ = {
			isa = PBXGroup;
			children = (
				BB761B311EFD0E5A00B9B832 /* MeasurementUnitTableViewController.swift */,
				BB761B3C1EFD1D0C00B9B832 /* MeasurementUnitTableViewCell.swift */,
			);
			name = "Utility Views";
			sourceTree = "<group>";
		};
		BBB8751F1EFADA6600E64BD7 = {
			isa = PBXGroup;
			children = (
				BBDB0ABD1EFE628700C2EAEA /* Localizable.strings */,
				BBB875431EFADCD900E64BD7 /* README.md */,
				BBB8752A1EFADA6600E64BD7 /* Stocker */,
				BB761B231EFD0A0600B9B832 /* Items Widget */,
				BB761B201EFD0A0600B9B832 /* Frameworks */,
				BBB875291EFADA6600E64BD7 /* Products */,
				CB1A8582993F0AC85598B391 /* Pods */,
			);
			sourceTree = "<group>";
		};
		BBB875291EFADA6600E64BD7 /* Products */ = {
			isa = PBXGroup;
			children = (
				BBB875281EFADA6600E64BD7 /* Stocker.app */,
				BB761B1F1EFD0A0600B9B832 /* Items Widget.appex */,
			);
			name = Products;
			sourceTree = "<group>";
		};
		BBB8752A1EFADA6600E64BD7 /* Stocker */ = {
			isa = PBXGroup;
			children = (
				BB6E46971EFE7702008539A4 /* Data Types */,
				BB761B391EFD15E600B9B832 /* Stocker.entitlements */,
				BB761B331EFD0E6000B9B832 /* Utility Views */,
				BB35697A1EFC541500B083AB /* Utilities */,
				BB673F0F1EFADD6E00333A90 /* Stock Table */,
				BB3F3F411EFC97AA00913678 /* Stock and Item Detail */,
				BB35697D1EFC587500B083AB /* Shopping List */,
				BBB8752B1EFADA6600E64BD7 /* AppDelegate.swift */,
				BB3569741EFBF2B300B083AB /* Stocker.xcdatamodeld */,
				BBB8752F1EFADA6600E64BD7 /* Main.storyboard */,
				BB3569781EFC4F8800B083AB /* Settings.bundle */,
				BBB875321EFADA6600E64BD7 /* Assets.xcassets */,
				BBB875341EFADA6600E64BD7 /* LaunchScreen.storyboard */,
				BBB875371EFADA6600E64BD7 /* Info.plist */,
			);
			path = Stocker;
			sourceTree = "<group>";
		};
		CB1A8582993F0AC85598B391 /* Pods */ = {
			isa = PBXGroup;
			children = (
				81C1DDC5F447E585B6BB8730 /* Pods-Items Widget.debug.xcconfig */,
				F4DC5E993CCDD3C8907017A1 /* Pods-Items Widget.release.xcconfig */,
				49BE3E23795AED0054CF552E /* Pods-Stocker.debug.xcconfig */,
				56DFFB6F310131E8A0B11BD2 /* Pods-Stocker.release.xcconfig */,
			);
			name = Pods;
			sourceTree = "<group>";
		};
/* End PBXGroup section */

/* Begin PBXNativeTarget section */
		BB761B1E1EFD0A0600B9B832 /* Items Widget */ = {
			isa = PBXNativeTarget;
			buildConfigurationList = BB761B2F1EFD0A0600B9B832 /* Build configuration list for PBXNativeTarget "Items Widget" */;
			buildPhases = (
				FC402CDD11A0C229E93063BF /* [CP] Check Pods Manifest.lock */,
				BB761B1B1EFD0A0600B9B832 /* Sources */,
				BB761B1C1EFD0A0600B9B832 /* Frameworks */,
				BB761B1D1EFD0A0600B9B832 /* Resources */,
				C5D459F290378D4E211F639C /* [CP] Copy Pods Resources */,
			);
			buildRules = (
			);
			dependencies = (
			);
			name = "Items Widget";
			productName = "Items Widget";
			productReference = BB761B1F1EFD0A0600B9B832 /* Items Widget.appex */;
			productType = "com.apple.product-type.app-extension";
		};
		BBB875271EFADA6600E64BD7 /* Stocker */ = {
			isa = PBXNativeTarget;
			buildConfigurationList = BBB8753A1EFADA6600E64BD7 /* Build configuration list for PBXNativeTarget "Stocker" */;
			buildPhases = (
				510A6F6872B57C917D5A7953 /* [CP] Check Pods Manifest.lock */,
				BBB875241EFADA6600E64BD7 /* Sources */,
				BBB875251EFADA6600E64BD7 /* Frameworks */,
				BBB875261EFADA6600E64BD7 /* Resources */,
				BB761B301EFD0A0600B9B832 /* Embed App Extensions */,
				577489A44ADEF28334B05ECD /* [CP] Embed Pods Frameworks */,
				13E1132F5F9928B1E47854D9 /* [CP] Copy Pods Resources */,
				BBD9DF6F1F0080C900633D15 /* ShellScript */,
			);
			buildRules = (
			);
			dependencies = (
				BB761B2B1EFD0A0600B9B832 /* PBXTargetDependency */,
			);
			name = Stocker;
			productName = Stocker;
			productReference = BBB875281EFADA6600E64BD7 /* Stocker.app */;
			productType = "com.apple.product-type.application";
		};
/* End PBXNativeTarget section */

/* Begin PBXProject section */
		BBB875201EFADA6600E64BD7 /* Project object */ = {
			isa = PBXProject;
			attributes = {
				LastSwiftUpdateCheck = 0830;
				LastUpgradeCheck = 0830;
				ORGANIZATIONNAME = "Samuel Moosmann";
				TargetAttributes = {
					BB761B1E1EFD0A0600B9B832 = {
						CreatedOnToolsVersion = 8.3.3;
						DevelopmentTeam = FW5K9MYH66;
						ProvisioningStyle = Automatic;
						SystemCapabilities = {
							com.apple.Push = {
								enabled = 1;
							};
							com.apple.iCloud = {
								enabled = 0;
							};
						};
					};
					BBB875271EFADA6600E64BD7 = {
						CreatedOnToolsVersion = 8.3.3;
						DevelopmentTeam = FW5K9MYH66;
						ProvisioningStyle = Automatic;
						SystemCapabilities = {
							com.apple.Push = {
								enabled = 0;
							};
							com.apple.iCloud = {
								enabled = 1;
							};
						};
					};
				};
			};
			buildConfigurationList = BBB875231EFADA6600E64BD7 /* Build configuration list for PBXProject "Stocker" */;
			compatibilityVersion = "Xcode 3.2";
			developmentRegion = English;
			hasScannedForEncodings = 0;
			knownRegions = (
				en,
				Base,
			);
			mainGroup = BBB8751F1EFADA6600E64BD7;
			productRefGroup = BBB875291EFADA6600E64BD7 /* Products */;
			projectDirPath = "";
			projectRoot = "";
			targets = (
				BBB875271EFADA6600E64BD7 /* Stocker */,
				BB761B1E1EFD0A0600B9B832 /* Items Widget */,
			);
		};
/* End PBXProject section */

/* Begin PBXResourcesBuildPhase section */
		BB761B1D1EFD0A0600B9B832 /* Resources */ = {
			isa = PBXResourcesBuildPhase;
			buildActionMask = 2147483647;
			files = (
				BB761B281EFD0A0600B9B832 /* MainInterface.storyboard in Resources */,
			);
			runOnlyForDeploymentPostprocessing = 0;
		};
		BBB875261EFADA6600E64BD7 /* Resources */ = {
			isa = PBXResourcesBuildPhase;
			buildActionMask = 2147483647;
			files = (
				BBDB0ABB1EFE628700C2EAEA /* Localizable.strings in Resources */,
				BB3569791EFC4F8800B083AB /* Settings.bundle in Resources */,
				BBB875361EFADA6600E64BD7 /* LaunchScreen.storyboard in Resources */,
				BBB875331EFADA6600E64BD7 /* Assets.xcassets in Resources */,
				BBB875311EFADA6600E64BD7 /* Main.storyboard in Resources */,
			);
			runOnlyForDeploymentPostprocessing = 0;
		};
/* End PBXResourcesBuildPhase section */

/* Begin PBXShellScriptBuildPhase section */
		13E1132F5F9928B1E47854D9 /* [CP] Copy Pods Resources */ = {
			isa = PBXShellScriptBuildPhase;
			buildActionMask = 2147483647;
			files = (
			);
			inputPaths = (
			);
			name = "[CP] Copy Pods Resources";
			outputPaths = (
			);
			runOnlyForDeploymentPostprocessing = 0;
			shellPath = /bin/sh;
			shellScript = "\"${SRCROOT}/Pods/Target Support Files/Pods-Stocker/Pods-Stocker-resources.sh\"\n";
			showEnvVarsInLog = 0;
		};
		510A6F6872B57C917D5A7953 /* [CP] Check Pods Manifest.lock */ = {
			isa = PBXShellScriptBuildPhase;
			buildActionMask = 2147483647;
			files = (
			);
			inputPaths = (
			);
			name = "[CP] Check Pods Manifest.lock";
			outputPaths = (
			);
			runOnlyForDeploymentPostprocessing = 0;
			shellPath = /bin/sh;
			shellScript = "diff \"${PODS_ROOT}/../Podfile.lock\" \"${PODS_ROOT}/Manifest.lock\" > /dev/null\nif [ $? != 0 ] ; then\n    # print error to STDERR\n    echo \"error: The sandbox is not in sync with the Podfile.lock. Run 'pod install' or update your CocoaPods installation.\" >&2\n    exit 1\nfi\n";
			showEnvVarsInLog = 0;
		};
		577489A44ADEF28334B05ECD /* [CP] Embed Pods Frameworks */ = {
			isa = PBXShellScriptBuildPhase;
			buildActionMask = 2147483647;
			files = (
			);
			inputPaths = (
			);
			name = "[CP] Embed Pods Frameworks";
			outputPaths = (
			);
			runOnlyForDeploymentPostprocessing = 0;
			shellPath = /bin/sh;
			shellScript = "\"${SRCROOT}/Pods/Target Support Files/Pods-Stocker/Pods-Stocker-frameworks.sh\"\n";
			showEnvVarsInLog = 0;
		};
		BBD9DF6F1F0080C900633D15 /* ShellScript */ = {
			isa = PBXShellScriptBuildPhase;
			buildActionMask = 2147483647;
			files = (
			);
			inputPaths = (
			);
			outputPaths = (
			);
			runOnlyForDeploymentPostprocessing = 0;
			shellPath = /bin/sh;
			shellScript = "\"${PODS_ROOT}/Fabric/run\" f7691fd28f44351ab523a5ad73b2e1f923774686 9310c11a2287fa8d2b15a7e3893ca4167f3a7d985526fd5cd98d1fcfe5f30681";
		};
		C5D459F290378D4E211F639C /* [CP] Copy Pods Resources */ = {
			isa = PBXShellScriptBuildPhase;
			buildActionMask = 2147483647;
			files = (
			);
			inputPaths = (
			);
			name = "[CP] Copy Pods Resources";
			outputPaths = (
			);
			runOnlyForDeploymentPostprocessing = 0;
			shellPath = /bin/sh;
			shellScript = "\"${SRCROOT}/Pods/Target Support Files/Pods-Items Widget/Pods-Items Widget-resources.sh\"\n";
			showEnvVarsInLog = 0;
		};
		FC402CDD11A0C229E93063BF /* [CP] Check Pods Manifest.lock */ = {
			isa = PBXShellScriptBuildPhase;
			buildActionMask = 2147483647;
			files = (
			);
			inputPaths = (
			);
			name = "[CP] Check Pods Manifest.lock";
			outputPaths = (
			);
			runOnlyForDeploymentPostprocessing = 0;
			shellPath = /bin/sh;
			shellScript = "diff \"${PODS_ROOT}/../Podfile.lock\" \"${PODS_ROOT}/Manifest.lock\" > /dev/null\nif [ $? != 0 ] ; then\n    # print error to STDERR\n    echo \"error: The sandbox is not in sync with the Podfile.lock. Run 'pod install' or update your CocoaPods installation.\" >&2\n    exit 1\nfi\n";
			showEnvVarsInLog = 0;
		};
/* End PBXShellScriptBuildPhase section */

/* Begin PBXSourcesBuildPhase section */
		BB761B1B1EFD0A0600B9B832 /* Sources */ = {
			isa = PBXSourcesBuildPhase;
			buildActionMask = 2147483647;
			files = (
				BB761B251EFD0A0600B9B832 /* TodayViewController.swift in Sources */,
			);
			runOnlyForDeploymentPostprocessing = 0;
		};
		BBB875241EFADA6600E64BD7 /* Sources */ = {
			isa = PBXSourcesBuildPhase;
			buildActionMask = 2147483647;
			files = (
				BBB875401EFADC5700E64BD7 /* StockDetailViewController.swift in Sources */,
				BBB8753E1EFADC1700E64BD7 /* StockTableViewController.swift in Sources */,
				BB680DB11F01C88000B55F17 /* StockTableImageView.swift in Sources */,
				BB3569771EFC131200B083AB /* Stocker.xcdatamodeld in Sources */,
				BB761B321EFD0E5A00B9B832 /* MeasurementUnitTableViewController.swift in Sources */,
				BB6E7F671F029E4C00C6ED51 /* DisguisedTextField.swift in Sources */,
				BBB8752C1EFADA6600E64BD7 /* AppDelegate.swift in Sources */,
				BB35697C1EFC543000B083AB /* UniversalSplitViewController.swift in Sources */,
				BB35697F1EFC589C00B083AB /* ShoppingListTableViewCell.swift in Sources */,
				BB673F0E1EFADD6900333A90 /* StockTableViewCell.swift in Sources */,
				BB761B3D1EFD1D0C00B9B832 /* MeasurementUnitTableViewCell.swift in Sources */,
				BBB875421EFADC7B00E64BD7 /* ShoppingListTableViewController.swift in Sources */,
			);
			runOnlyForDeploymentPostprocessing = 0;
		};
/* End PBXSourcesBuildPhase section */

/* Begin PBXTargetDependency section */
		BB761B2B1EFD0A0600B9B832 /* PBXTargetDependency */ = {
			isa = PBXTargetDependency;
			target = BB761B1E1EFD0A0600B9B832 /* Items Widget */;
			targetProxy = BB761B2A1EFD0A0600B9B832 /* PBXContainerItemProxy */;
		};
/* End PBXTargetDependency section */

/* Begin PBXVariantGroup section */
		BB761B261EFD0A0600B9B832 /* MainInterface.storyboard */ = {
			isa = PBXVariantGroup;
			children = (
				BB761B271EFD0A0600B9B832 /* Base */,
				BBDB0AB81EFE618B00C2EAEA /* de */,
			);
			name = MainInterface.storyboard;
			sourceTree = "<group>";
		};
		BBB8752F1EFADA6600E64BD7 /* Main.storyboard */ = {
			isa = PBXVariantGroup;
			children = (
				BBB875301EFADA6600E64BD7 /* Base */,
				BBDB0AB61EFE618B00C2EAEA /* de */,
			);
			name = Main.storyboard;
			sourceTree = "<group>";
		};
		BBB875341EFADA6600E64BD7 /* LaunchScreen.storyboard */ = {
			isa = PBXVariantGroup;
			children = (
				BBB875351EFADA6600E64BD7 /* Base */,
				BBDB0AB71EFE618B00C2EAEA /* de */,
			);
			name = LaunchScreen.storyboard;
			sourceTree = "<group>";
		};
		BBDB0ABD1EFE628700C2EAEA /* Localizable.strings */ = {
			isa = PBXVariantGroup;
			children = (
				BBDB0ABC1EFE628700C2EAEA /* de */,
				BBDB0ABE1EFE629500C2EAEA /* Base */,
			);
			name = Localizable.strings;
			path = Stocker;
			sourceTree = "<group>";
		};
/* End PBXVariantGroup section */

/* Begin XCBuildConfiguration section */
		BB761B2D1EFD0A0600B9B832 /* Debug */ = {
			isa = XCBuildConfiguration;
			baseConfigurationReference = 81C1DDC5F447E585B6BB8730 /* Pods-Items Widget.debug.xcconfig */;
			buildSettings = {
				CODE_SIGN_ENTITLEMENTS = "Items Widget/Items Widget.entitlements";
				DEVELOPMENT_TEAM = FW5K9MYH66;
				INFOPLIST_FILE = "Items Widget/Info.plist";
				LD_RUNPATH_SEARCH_PATHS = "$(inherited) @executable_path/Frameworks @executable_path/../../Frameworks";
				PRODUCT_BUNDLE_IDENTIFIER = "at.samuelmoosmann.Stocker.Items-Widget";
				PRODUCT_NAME = "$(TARGET_NAME)";
				SKIP_INSTALL = YES;
				SWIFT_VERSION = 3.0;
			};
			name = Debug;
		};
		BB761B2E1EFD0A0600B9B832 /* Release */ = {
			isa = XCBuildConfiguration;
			baseConfigurationReference = F4DC5E993CCDD3C8907017A1 /* Pods-Items Widget.release.xcconfig */;
			buildSettings = {
				CODE_SIGN_ENTITLEMENTS = "Items Widget/Items Widget.entitlements";
				DEVELOPMENT_TEAM = FW5K9MYH66;
				INFOPLIST_FILE = "Items Widget/Info.plist";
				LD_RUNPATH_SEARCH_PATHS = "$(inherited) @executable_path/Frameworks @executable_path/../../Frameworks";
				PRODUCT_BUNDLE_IDENTIFIER = "at.samuelmoosmann.Stocker.Items-Widget";
				PRODUCT_NAME = "$(TARGET_NAME)";
				SKIP_INSTALL = YES;
				SWIFT_VERSION = 3.0;
			};
			name = Release;
		};
		BBB875381EFADA6600E64BD7 /* Debug */ = {
			isa = XCBuildConfiguration;
			buildSettings = {
				ALWAYS_SEARCH_USER_PATHS = NO;
				CLANG_ANALYZER_LOCALIZABILITY_NONLOCALIZED = YES;
				CLANG_ANALYZER_NONNULL = YES;
				CLANG_ANALYZER_NUMBER_OBJECT_CONVERSION = YES_AGGRESSIVE;
				CLANG_CXX_LANGUAGE_STANDARD = "gnu++0x";
				CLANG_CXX_LIBRARY = "libc++";
				CLANG_ENABLE_MODULES = YES;
				CLANG_ENABLE_OBJC_ARC = YES;
				CLANG_WARN_BOOL_CONVERSION = YES;
				CLANG_WARN_CONSTANT_CONVERSION = YES;
				CLANG_WARN_DIRECT_OBJC_ISA_USAGE = YES_ERROR;
				CLANG_WARN_DOCUMENTATION_COMMENTS = YES;
				CLANG_WARN_EMPTY_BODY = YES;
				CLANG_WARN_ENUM_CONVERSION = YES;
				CLANG_WARN_INFINITE_RECURSION = YES;
				CLANG_WARN_INT_CONVERSION = YES;
				CLANG_WARN_OBJC_ROOT_CLASS = YES_ERROR;
				CLANG_WARN_SUSPICIOUS_MOVE = YES;
				CLANG_WARN_UNREACHABLE_CODE = YES;
				CLANG_WARN__DUPLICATE_METHOD_MATCH = YES;
				"CODE_SIGN_IDENTITY[sdk=iphoneos*]" = "iPhone Developer";
				COPY_PHASE_STRIP = NO;
				DEBUG_INFORMATION_FORMAT = dwarf;
				ENABLE_STRICT_OBJC_MSGSEND = YES;
				ENABLE_TESTABILITY = YES;
				GCC_C_LANGUAGE_STANDARD = gnu99;
				GCC_DYNAMIC_NO_PIC = NO;
				GCC_NO_COMMON_BLOCKS = YES;
				GCC_OPTIMIZATION_LEVEL = 0;
				GCC_PREPROCESSOR_DEFINITIONS = (
					"DEBUG=1",
					"$(inherited)",
				);
				GCC_WARN_64_TO_32_BIT_CONVERSION = YES;
				GCC_WARN_ABOUT_RETURN_TYPE = YES_ERROR;
				GCC_WARN_UNDECLARED_SELECTOR = YES;
				GCC_WARN_UNINITIALIZED_AUTOS = YES_AGGRESSIVE;
				GCC_WARN_UNUSED_FUNCTION = YES;
				GCC_WARN_UNUSED_VARIABLE = YES;
				IPHONEOS_DEPLOYMENT_TARGET = 10.3;
				MTL_ENABLE_DEBUG_INFO = YES;
				ONLY_ACTIVE_ARCH = YES;
				SDKROOT = iphoneos;
				SWIFT_ACTIVE_COMPILATION_CONDITIONS = DEBUG;
				SWIFT_OPTIMIZATION_LEVEL = "-Onone";
				TARGETED_DEVICE_FAMILY = "1,2";
			};
			name = Debug;
		};
		BBB875391EFADA6600E64BD7 /* Release */ = {
			isa = XCBuildConfiguration;
			buildSettings = {
				ALWAYS_SEARCH_USER_PATHS = NO;
				CLANG_ANALYZER_LOCALIZABILITY_NONLOCALIZED = YES;
				CLANG_ANALYZER_NONNULL = YES;
				CLANG_ANALYZER_NUMBER_OBJECT_CONVERSION = YES_AGGRESSIVE;
				CLANG_CXX_LANGUAGE_STANDARD = "gnu++0x";
				CLANG_CXX_LIBRARY = "libc++";
				CLANG_ENABLE_MODULES = YES;
				CLANG_ENABLE_OBJC_ARC = YES;
				CLANG_WARN_BOOL_CONVERSION = YES;
				CLANG_WARN_CONSTANT_CONVERSION = YES;
				CLANG_WARN_DIRECT_OBJC_ISA_USAGE = YES_ERROR;
				CLANG_WARN_DOCUMENTATION_COMMENTS = YES;
				CLANG_WARN_EMPTY_BODY = YES;
				CLANG_WARN_ENUM_CONVERSION = YES;
				CLANG_WARN_INFINITE_RECURSION = YES;
				CLANG_WARN_INT_CONVERSION = YES;
				CLANG_WARN_OBJC_ROOT_CLASS = YES_ERROR;
				CLANG_WARN_SUSPICIOUS_MOVE = YES;
				CLANG_WARN_UNREACHABLE_CODE = YES;
				CLANG_WARN__DUPLICATE_METHOD_MATCH = YES;
				"CODE_SIGN_IDENTITY[sdk=iphoneos*]" = "iPhone Developer";
				COPY_PHASE_STRIP = NO;
				DEBUG_INFORMATION_FORMAT = "dwarf-with-dsym";
				ENABLE_NS_ASSERTIONS = NO;
				ENABLE_STRICT_OBJC_MSGSEND = YES;
				GCC_C_LANGUAGE_STANDARD = gnu99;
				GCC_NO_COMMON_BLOCKS = YES;
				GCC_WARN_64_TO_32_BIT_CONVERSION = YES;
				GCC_WARN_ABOUT_RETURN_TYPE = YES_ERROR;
				GCC_WARN_UNDECLARED_SELECTOR = YES;
				GCC_WARN_UNINITIALIZED_AUTOS = YES_AGGRESSIVE;
				GCC_WARN_UNUSED_FUNCTION = YES;
				GCC_WARN_UNUSED_VARIABLE = YES;
				IPHONEOS_DEPLOYMENT_TARGET = 10.3;
				MTL_ENABLE_DEBUG_INFO = NO;
				SDKROOT = iphoneos;
				SWIFT_OPTIMIZATION_LEVEL = "-Owholemodule";
				TARGETED_DEVICE_FAMILY = "1,2";
				VALIDATE_PRODUCT = YES;
			};
			name = Release;
		};
		BBB8753B1EFADA6600E64BD7 /* Debug */ = {
			isa = XCBuildConfiguration;
			baseConfigurationReference = 49BE3E23795AED0054CF552E /* Pods-Stocker.debug.xcconfig */;
			buildSettings = {
				ALWAYS_EMBED_SWIFT_STANDARD_LIBRARIES = YES;
				ASSETCATALOG_COMPILER_APPICON_NAME = AppIcon;
				CODE_SIGN_ENTITLEMENTS = Stocker/Stocker.entitlements;
				DEBUG_INFORMATION_FORMAT = "dwarf-with-dsym";
				DEVELOPMENT_TEAM = FW5K9MYH66;
				INFOPLIST_FILE = Stocker/Info.plist;
				LD_RUNPATH_SEARCH_PATHS = "$(inherited) @executable_path/Frameworks";
				PRODUCT_BUNDLE_IDENTIFIER = at.samuelmoosmann.Stocker;
				PRODUCT_NAME = "$(TARGET_NAME)";
				SWIFT_VERSION = 3.0;
			};
			name = Debug;
		};
		BBB8753C1EFADA6600E64BD7 /* Release */ = {
			isa = XCBuildConfiguration;
			baseConfigurationReference = 56DFFB6F310131E8A0B11BD2 /* Pods-Stocker.release.xcconfig */;
			buildSettings = {
				ALWAYS_EMBED_SWIFT_STANDARD_LIBRARIES = YES;
				ASSETCATALOG_COMPILER_APPICON_NAME = AppIcon;
				CODE_SIGN_ENTITLEMENTS = Stocker/Stocker.entitlements;
				DEVELOPMENT_TEAM = FW5K9MYH66;
				INFOPLIST_FILE = Stocker/Info.plist;
				LD_RUNPATH_SEARCH_PATHS = "$(inherited) @executable_path/Frameworks";
				PRODUCT_BUNDLE_IDENTIFIER = at.samuelmoosmann.Stocker;
				PRODUCT_NAME = "$(TARGET_NAME)";
				SWIFT_VERSION = 3.0;
			};
			name = Release;
		};
/* End XCBuildConfiguration section */

/* Begin XCConfigurationList section */
		BB761B2F1EFD0A0600B9B832 /* Build configuration list for PBXNativeTarget "Items Widget" */ = {
			isa = XCConfigurationList;
			buildConfigurations = (
				BB761B2D1EFD0A0600B9B832 /* Debug */,
				BB761B2E1EFD0A0600B9B832 /* Release */,
			);
			defaultConfigurationIsVisible = 0;
			defaultConfigurationName = Release;
		};
		BBB875231EFADA6600E64BD7 /* Build configuration list for PBXProject "Stocker" */ = {
			isa = XCConfigurationList;
			buildConfigurations = (
				BBB875381EFADA6600E64BD7 /* Debug */,
				BBB875391EFADA6600E64BD7 /* Release */,
			);
			defaultConfigurationIsVisible = 0;
			defaultConfigurationName = Release;
		};
		BBB8753A1EFADA6600E64BD7 /* Build configuration list for PBXNativeTarget "Stocker" */ = {
			isa = XCConfigurationList;
			buildConfigurations = (
				BBB8753B1EFADA6600E64BD7 /* Debug */,
				BBB8753C1EFADA6600E64BD7 /* Release */,
			);
			defaultConfigurationIsVisible = 0;
			defaultConfigurationName = Release;
		};
/* End XCConfigurationList section */

/* Begin XCVersionGroup section */
		BB3569741EFBF2B300B083AB /* Stocker.xcdatamodeld */ = {
			isa = XCVersionGroup;
			children = (
				BB3569751EFBF2B300B083AB /* Stocker.xcdatamodel */,
			);
			currentVersion = BB3569751EFBF2B300B083AB /* Stocker.xcdatamodel */;
			path = Stocker.xcdatamodeld;
			sourceTree = "<group>";
			versionGroupType = wrapper.xcdatamodel;
		};
/* End XCVersionGroup section */
	};
	rootObject = BBB875201EFADA6600E64BD7 /* Project object */;
}
